
Microsoft Visual Studio Solution File, Format Version 12.00
# Visual Studio Version 17
VisualStudioVersion = 17.0.31919.166
MinimumVisualStudioVersion = 10.0.40219.1
Project("{FAE04EC0-301F-11D3-BF4B-00C04F79EFBC}") = "Push", "Push\Push.csproj", "{79A13EC6-362F-4711-ACC9-46D4241EF8AF}"
EndProject
Global
	GlobalSection(SolutionConfigurationPlatforms) = preSolution
		Debug|Any CPU = Debug|Any CPU
		Release|Any CPU = Release|Any CPU
	EndGlobalSection
	GlobalSection(ProjectConfigurationPlatforms) = postSolution
		{79A13EC6-362F-4711-ACC9-46D4241EF8AF}.Debug|Any CPU.ActiveCfg = Debug|Any CPU
		{79A13EC6-362F-4711-ACC9-46D4241EF8AF}.Debug|Any CPU.Build.0 = Debug|Any CPU
		{79A13EC6-362F-4711-ACC9-46D4241EF8AF}.Release|Any CPU.ActiveCfg = Release|Any CPU
		{79A13EC6-362F-4711-ACC9-46D4241EF8AF}.Release|Any CPU.Build.0 = Release|Any CPU
	EndGlobalSection
	GlobalSection(SolutionProperties) = preSolution
		HideSolutionNode = FALSE
	EndGlobalSection
	GlobalSection(ExtensibilityGlobals) = postSolution
		SolutionGuid = {B9F4E92E-8126-46BA-9CE4-A186FB5E095F}
	EndGlobalSection
EndGlobal
